
Microsoft Visual Studio Solution File, Format Version 12.00
# Visual Studio Version 17
VisualStudioVersion = 17.4.33110.190
MinimumVisualStudioVersion = 10.0.40219.1
Project("{FAE04EC0-301F-11D3-BF4B-00C04F79EFBC}") = "ShoppingListApp", "ShoppingListApp\ShoppingListApp.csproj", "{A377A4B6-334E-46CD-9FFF-83F6C2B4EEBC}"
EndProject
Global
	GlobalSection(SolutionConfigurationPlatforms) = preSolution
		Debug|Any CPU = Debug|Any CPU
		Release|Any CPU = Release|Any CPU
	EndGlobalSection
	GlobalSection(ProjectConfigurationPlatforms) = postSolution
		{A377A4B6-334E-46CD-9FFF-83F6C2B4EEBC}.Debug|Any CPU.ActiveCfg = Debug|Any CPU
		{A377A4B6-334E-46CD-9FFF-83F6C2B4EEBC}.Debug|Any CPU.Build.0 = Debug|Any CPU
		{A377A4B6-334E-46CD-9FFF-83F6C2B4EEBC}.Release|Any CPU.ActiveCfg = Release|Any CPU
		{A377A4B6-334E-46CD-9FFF-83F6C2B4EEBC}.Release|Any CPU.Build.0 = Release|Any CPU
	EndGlobalSection
	GlobalSection(SolutionProperties) = preSolution
		HideSolutionNode = FALSE
	EndGlobalSection
	GlobalSection(ExtensibilityGlobals) = postSolution
		SolutionGuid = {EACE3CFE-75A7-493B-957B-DBB716A482B1}
	EndGlobalSection
EndGlobal
